{
  "requires": true,
  "lockfileVersion": 1,
  "dependencies": {
    "vue-cookies": {
      "version": "1.6.1",
      "resolved": "https://registry.npmjs.org/vue-cookies/-/vue-cookies-1.6.1.tgz",
      "integrity": "sha512-qyzhuq0x9xLEwniSXFoEsFErHgQ24jviB527IDul+8KrlxU9jdqrvVunRRBk4lPpxPgL0ywv8NxcD6MDWcTMug=="
    }
  }
}
